Microsoft Visual Studio Solution File, Format Version 12.00
# Visual Studio 2012
Project("{FAE04EC0-301F-11D3-BF4B-00C04F79EFBC}") = "Tappy", "Tappy.csproj", "{F62E15E9-C136-41F4-93CE-200016DD6ACE}"
EndProject
Global
	GlobalSection(SolutionConfigurationPlatforms) = preSolution
	Debug|Any CPU = Debug|Any CPU
	ExportDebug|Any CPU = ExportDebug|Any CPU
	ExportRelease|Any CPU = ExportRelease|Any CPU
	EndGlobalSection
	GlobalSection(ProjectConfigurationPlatforms) = postSolution
		{F62E15E9-C136-41F4-93CE-200016DD6ACE}.Debug|Any CPU.ActiveCfg = Debug|Any CPU
		{F62E15E9-C136-41F4-93CE-200016DD6ACE}.Debug|Any CPU.Build.0 = Debug|Any CPU
		{F62E15E9-C136-41F4-93CE-200016DD6ACE}.ExportDebug|Any CPU.ActiveCfg = ExportDebug|Any CPU
		{F62E15E9-C136-41F4-93CE-200016DD6ACE}.ExportDebug|Any CPU.Build.0 = ExportDebug|Any CPU
		{F62E15E9-C136-41F4-93CE-200016DD6ACE}.ExportRelease|Any CPU.ActiveCfg = ExportRelease|Any CPU
		{F62E15E9-C136-41F4-93CE-200016DD6ACE}.ExportRelease|Any CPU.Build.0 = ExportRelease|Any CPU
	EndGlobalSection
EndGlobal
